{
  "name": "mq-multiplication-worksheet",
  "version": "0.1.0",
  "lockfileVersion": 2,
  "requires": true,
  "packages": {
    "": {
      "name": "mq-multiplication-worksheet",
      "version": "0.1.0",
      "license": "UNLICENSED",
      "dependencies": {
        "next": "^13.4.12",
        "react": "18.2.0",
        "react-dom": "18.2.0"
      },
      "devDependencies": {
        "typescript": "5.5.2",
        "@types/react": "18.2.28",
        "@types/node": "20.8.0"
      }
    },
    "node_modules/next": {
      "version": "13.4.12",
      "resolved": "https://registry.npmjs.org/next/-/next-13.4.12.tgz"
    },
    "node_modules/react": {
      "version": "18.2.0",
      "resolved": "https://registry.npmjs.org/react/-/react-18.2.0.tgz"
    },
    "node_modules/react-dom": {
      "version": "18.2.0",
      "resolved": "https://registry.npmjs.org/react-dom/-/react-dom-18.2.0.tgz"
    },
    "node_modules/typescript": {
      "version": "5.5.2",
      "resolved": "https://registry.npmjs.org/typescript/-/typescript-5.5.2.tgz"
    },
    "node_modules/@types/react": {
      "version": "18.2.28",
      "resolved": "https://registry.npmjs.org/@types/react/-/@types/react-18.2.28.tgz"
    },
    "node_modules/@types/node": {
      "version": "20.8.0",
      "resolved": "https://registry.npmjs.org/@types/node/-/@types/node-20.8.0.tgz"
    }
  },
  "dependencies": {
    "next": {
      "version": "13.4.12",
      "resolved": "https://registry.npmjs.org/next/-/next-13.4.12.tgz",
      "requires": {}
    },
    "react": {
      "version": "18.2.0",
      "resolved": "https://registry.npmjs.org/react/-/react-18.2.0.tgz",
      "requires": {}
    },
    "react-dom": {
      "version": "18.2.0",
      "resolved": "https://registry.npmjs.org/react-dom/-/react-dom-18.2.0.tgz",
      "requires": {}
    }
  }
}
